
Microsoft Visual Studio Solution File, Format Version 12.00
# Visual Studio Version 17
VisualStudioVersion = 17.2.32616.157
MinimumVisualStudioVersion = 10.0.40219.1
Project("{8BC9CEB8-8B4A-11D0-8D11-00A0C91BC942}") = "NewProject", "NewProject\NewProject.vcxproj", "{674696C6-FFA7-47ED-BA59-2182898530D6}"
EndProject
Project("{8BC9CEB8-8B4A-11D0-8D11-00A0C91BC942}") = "AipplicaSpectrometer", "AipplicaSpectrometer\AipplicaSpectrometer.vcxproj", "{1CB7090D-3999-45AF-A995-82F483BE13E3}"
EndProject
Project("{9A19103F-16F7-4668-BE54-9A1E7A4F7556}") = "Console", "Console\Console.csproj", "{04B34A80-1C74-4A99-986F-9820A52CEE75}"
EndProject
Global
	GlobalSection(SolutionConfigurationPlatforms) = preSolution
		Debug|Any CPU = Debug|Any CPU
		Debug|x64 = Debug|x64
		Debug|x86 = Debug|x86
		Release|Any CPU = Release|Any CPU
		Release|x64 = Release|x64
		Release|x86 = Release|x86
	EndGlobalSection
	GlobalSection(ProjectConfigurationPlatforms) = postSolution
		{674696C6-FFA7-47ED-BA59-2182898530D6}.Debug|Any CPU.ActiveCfg = Debug|x64
		{674696C6-FFA7-47ED-BA59-2182898530D6}.Debug|Any CPU.Build.0 = Debug|x64
		{674696C6-FFA7-47ED-BA59-2182898530D6}.Debug|x64.ActiveCfg = Debug|x64
		{674696C6-FFA7-47ED-BA59-2182898530D6}.Debug|x64.Build.0 = Debug|x64
		{674696C6-FFA7-47ED-BA59-2182898530D6}.Debug|x86.ActiveCfg = Debug|Win32
		{674696C6-FFA7-47ED-BA59-2182898530D6}.Debug|x86.Build.0 = Debug|Win32
		{674696C6-FFA7-47ED-BA59-2182898530D6}.Release|Any CPU.ActiveCfg = Release|x64
		{674696C6-FFA7-47ED-BA59-2182898530D6}.Release|Any CPU.Build.0 = Release|x64
		{674696C6-FFA7-47ED-BA59-2182898530D6}.Release|x64.ActiveCfg = Release|x64
		{674696C6-FFA7-47ED-BA59-2182898530D6}.Release|x64.Build.0 = Release|x64
		{674696C6-FFA7-47ED-BA59-2182898530D6}.Release|x86.ActiveCfg = Release|Win32
		{674696C6-FFA7-47ED-BA59-2182898530D6}.Release|x86.Build.0 = Release|Win32
		{1CB7090D-3999-45AF-A995-82F483BE13E3}.Debug|Any CPU.ActiveCfg = Debug|x64
		{1CB7090D-3999-45AF-A995-82F483BE13E3}.Debug|Any CPU.Build.0 = Debug|x64
		{1CB7090D-3999-45AF-A995-82F483BE13E3}.Debug|x64.ActiveCfg = Debug|x64
		{1CB7090D-3999-45AF-A995-82F483BE13E3}.Debug|x64.Build.0 = Debug|x64
		{1CB7090D-3999-45AF-A995-82F483BE13E3}.Debug|x86.ActiveCfg = Debug|Win32
		{1CB7090D-3999-45AF-A995-82F483BE13E3}.Debug|x86.Build.0 = Debug|Win32
		{1CB7090D-3999-45AF-A995-82F483BE13E3}.Release|Any CPU.ActiveCfg = Release|x64
		{1CB7090D-3999-45AF-A995-82F483BE13E3}.Release|Any CPU.Build.0 = Release|x64
		{1CB7090D-3999-45AF-A995-82F483BE13E3}.Release|x64.ActiveCfg = Release|x64
		{1CB7090D-3999-45AF-A995-82F483BE13E3}.Release|x64.Build.0 = Release|x64
		{1CB7090D-3999-45AF-A995-82F483BE13E3}.Release|x86.ActiveCfg = Release|Win32
		{1CB7090D-3999-45AF-A995-82F483BE13E3}.Release|x86.Build.0 = Release|Win32
		{04B34A80-1C74-4A99-986F-9820A52CEE75}.Debug|Any CPU.ActiveCfg = Debug|Any CPU
		{04B34A80-1C74-4A99-986F-9820A52CEE75}.Debug|Any CPU.Build.0 = Debug|Any CPU
		{04B34A80-1C74-4A99-986F-9820A52CEE75}.Debug|x64.ActiveCfg = Debug|Any CPU
		{04B34A80-1C74-4A99-986F-9820A52CEE75}.Debug|x64.Build.0 = Debug|Any CPU
		{04B34A80-1C74-4A99-986F-9820A52CEE75}.Debug|x86.ActiveCfg = Debug|Any CPU
		{04B34A80-1C74-4A99-986F-9820A52CEE75}.Debug|x86.Build.0 = Debug|Any CPU
		{04B34A80-1C74-4A99-986F-9820A52CEE75}.Release|Any CPU.ActiveCfg = Release|Any CPU
		{04B34A80-1C74-4A99-986F-9820A52CEE75}.Release|Any CPU.Build.0 = Release|Any CPU
		{04B34A80-1C74-4A99-986F-9820A52CEE75}.Release|x64.ActiveCfg = Release|Any CPU
		{04B34A80-1C74-4A99-986F-9820A52CEE75}.Release|x64.Build.0 = Release|Any CPU
		{04B34A80-1C74-4A99-986F-9820A52CEE75}.Release|x86.ActiveCfg = Release|Any CPU
		{04B34A80-1C74-4A99-986F-9820A52CEE75}.Release|x86.Build.0 = Release|Any CPU
	EndGlobalSection
	GlobalSection(SolutionProperties) = preSolution
		HideSolutionNode = FALSE
	EndGlobalSection
	GlobalSection(ExtensibilityGlobals) = postSolution
		SolutionGuid = {3D007F14-C400-4C26-ACE5-636E98A9CCD7}
	EndGlobalSection
EndGlobal
